
Microsoft Visual Studio Solution File, Format Version 12.00
# Visual Studio Version 16
VisualStudioVersion = 16.0.29123.88
MinimumVisualStudioVersion = 10.0.40219.1
Project("{FAE04EC0-301F-11D3-BF4B-00C04F79EFBC}") = "TestXBetParser", "TestXBetParser\TestXBetParser.csproj", "{A8847F35-6146-40B0-9BEA-01A3CBA41C4E}"
EndProject
Global
	GlobalSection(SolutionConfigurationPlatforms) = preSolution
		Debug|Any CPU = Debug|Any CPU
		Release|Any CPU = Release|Any CPU
	EndGlobalSection
	GlobalSection(ProjectConfigurationPlatforms) = postSolution
		{A8847F35-6146-40B0-9BEA-01A3CBA41C4E}.Debug|Any CPU.ActiveCfg = Debug|Any CPU
		{A8847F35-6146-40B0-9BEA-01A3CBA41C4E}.Debug|Any CPU.Build.0 = Debug|Any CPU
		{A8847F35-6146-40B0-9BEA-01A3CBA41C4E}.Release|Any CPU.ActiveCfg = Release|Any CPU
		{A8847F35-6146-40B0-9BEA-01A3CBA41C4E}.Release|Any CPU.Build.0 = Release|Any CPU
	EndGlobalSection
	GlobalSection(SolutionProperties) = preSolution
		HideSolutionNode = FALSE
	EndGlobalSection
	GlobalSection(ExtensibilityGlobals) = postSolution
		SolutionGuid = {B0510744-6BFB-4390-A55A-55F40F4B0B37}
	EndGlobalSection
EndGlobal
